
Microsoft Visual Studio Solution File, Format Version 12.00
# Visual Studio 15
VisualStudioVersion = 15.0.26206.0
MinimumVisualStudioVersion = 10.0.40219.1
Project("{8BC9CEB8-8B4A-11D0-8D11-00A0C91BC942}") = "Task1", "Task1\Task1.vcxproj", "{E28FCA2D-2D53-4EE2-B02C-FDA0795BDA15}"
EndProject
Project("{8BC9CEB8-8B4A-11D0-8D11-00A0C91BC942}") = "Task2", "Task2\Task2.vcxproj", "{19FD3E17-185D-4043-B61D-A8FEB6B6B020}"
EndProject
Project("{8BC9CEB8-8B4A-11D0-8D11-00A0C91BC942}") = "Task3", "Task3\Task3.vcxproj", "{B3CE4F60-A566-43C8-B5EE-3FD6774DA292}"
EndProject
Global
	GlobalSection(SolutionConfigurationPlatforms) = preSolution
		Debug|x64 = Debug|x64
		Debug|x86 = Debug|x86
		Release|x64 = Release|x64
		Release|x86 = Release|x86
	EndGlobalSection
	GlobalSection(ProjectConfigurationPlatforms) = postSolution
		{E28FCA2D-2D53-4EE2-B02C-FDA0795BDA15}.Debug|x64.ActiveCfg = Debug|x64
		{E28FCA2D-2D53-4EE2-B02C-FDA0795BDA15}.Debug|x64.Build.0 = Debug|x64
		{E28FCA2D-2D53-4EE2-B02C-FDA0795BDA15}.Debug|x86.ActiveCfg = Debug|Win32
		{E28FCA2D-2D53-4EE2-B02C-FDA0795BDA15}.Debug|x86.Build.0 = Debug|Win32
		{E28FCA2D-2D53-4EE2-B02C-FDA0795BDA15}.Release|x64.ActiveCfg = Release|x64
		{E28FCA2D-2D53-4EE2-B02C-FDA0795BDA15}.Release|x64.Build.0 = Release|x64
		{E28FCA2D-2D53-4EE2-B02C-FDA0795BDA15}.Release|x86.ActiveCfg = Release|Win32
		{E28FCA2D-2D53-4EE2-B02C-FDA0795BDA15}.Release|x86.Build.0 = Release|Win32
		{19FD3E17-185D-4043-B61D-A8FEB6B6B020}.Debug|x64.ActiveCfg = Debug|x64
		{19FD3E17-185D-4043-B61D-A8FEB6B6B020}.Debug|x64.Build.0 = Debug|x64
		{19FD3E17-185D-4043-B61D-A8FEB6B6B020}.Debug|x86.ActiveCfg = Debug|Win32
		{19FD3E17-185D-4043-B61D-A8FEB6B6B020}.Debug|x86.Build.0 = Debug|Win32
		{19FD3E17-185D-4043-B61D-A8FEB6B6B020}.Release|x64.ActiveCfg = Release|x64
		{19FD3E17-185D-4043-B61D-A8FEB6B6B020}.Release|x64.Build.0 = Release|x64
		{19FD3E17-185D-4043-B61D-A8FEB6B6B020}.Release|x86.ActiveCfg = Release|Win32
		{19FD3E17-185D-4043-B61D-A8FEB6B6B020}.Release|x86.Build.0 = Release|Win32
		{B3CE4F60-A566-43C8-B5EE-3FD6774DA292}.Debug|x64.ActiveCfg = Debug|x64
		{B3CE4F60-A566-43C8-B5EE-3FD6774DA292}.Debug|x64.Build.0 = Debug|x64
		{B3CE4F60-A566-43C8-B5EE-3FD6774DA292}.Debug|x86.ActiveCfg = Debug|Win32
		{B3CE4F60-A566-43C8-B5EE-3FD6774DA292}.Debug|x86.Build.0 = Debug|Win32
		{B3CE4F60-A566-43C8-B5EE-3FD6774DA292}.Release|x64.ActiveCfg = Release|x64
		{B3CE4F60-A566-43C8-B5EE-3FD6774DA292}.Release|x64.Build.0 = Release|x64
		{B3CE4F60-A566-43C8-B5EE-3FD6774DA292}.Release|x86.ActiveCfg = Release|Win32
		{B3CE4F60-A566-43C8-B5EE-3FD6774DA292}.Release|x86.Build.0 = Release|Win32
	EndGlobalSection
	GlobalSection(SolutionProperties) = preSolution
		HideSolutionNode = FALSE
	EndGlobalSection
EndGlobal
