<?xml version="1.0" encoding="utf-8"?>
<Project ToolsVersion="4.0" xmlns="http://schemas.microsoft.com/developer/msbuild/2003">
  <ItemGroup>
    <ClCompile Include="Program.cpp" />
    <ClCompile Include="Complex.cpp">
      <Filter>Complex</Filter>
    </ClCompile>
  </ItemGroup>
  <ItemGroup>
    <Filter Include="Complex">
      <UniqueIdentifier>{f2019af8-bc0e-4b4e-9651-67c5cec8e108}</UniqueIdentifier>
    </Filter>
  </ItemGroup>
  <ItemGroup>
    <ClInclude Include="Complex.h">
      <Filter>Complex</Filter>
    </ClInclude>
  </ItemGroup>
</Project>