
Microsoft Visual Studio Solution File, Format Version 12.00
# Visual Studio 15
VisualStudioVersion = 15.0.26206.0
MinimumVisualStudioVersion = 10.0.40219.1
Project("{8BC9CEB8-8B4A-11D0-8D11-00A0C91BC942}") = "Task1", "Task1\Task1.vcxproj", "{274E2062-AEAD-4B41-A164-02AA62A0BCED}"
EndProject
Project("{8BC9CEB8-8B4A-11D0-8D11-00A0C91BC942}") = "Task2", "Task2\Task2.vcxproj", "{8DACD7F2-D595-4C76-B8D4-3085147628B1}"
EndProject
Project("{8BC9CEB8-8B4A-11D0-8D11-00A0C91BC942}") = "Task3", "Task3\Task3.vcxproj", "{4231CD9C-F271-4FE2-AE74-94DF8F41AD9C}"
EndProject
Project("{8BC9CEB8-8B4A-11D0-8D11-00A0C91BC942}") = "Task4", "Task4\Task4.vcxproj", "{BCB71255-8737-4272-AACD-5E57B7DB2755}"
EndProject
Global
	GlobalSection(SolutionConfigurationPlatforms) = preSolution
		Debug|x64 = Debug|x64
		Debug|x86 = Debug|x86
		Release|x64 = Release|x64
		Release|x86 = Release|x86
	EndGlobalSection
	GlobalSection(ProjectConfigurationPlatforms) = postSolution
		{274E2062-AEAD-4B41-A164-02AA62A0BCED}.Debug|x64.ActiveCfg = Debug|x64
		{274E2062-AEAD-4B41-A164-02AA62A0BCED}.Debug|x64.Build.0 = Debug|x64
		{274E2062-AEAD-4B41-A164-02AA62A0BCED}.Debug|x86.ActiveCfg = Debug|Win32
		{274E2062-AEAD-4B41-A164-02AA62A0BCED}.Debug|x86.Build.0 = Debug|Win32
		{274E2062-AEAD-4B41-A164-02AA62A0BCED}.Release|x64.ActiveCfg = Release|x64
		{274E2062-AEAD-4B41-A164-02AA62A0BCED}.Release|x64.Build.0 = Release|x64
		{274E2062-AEAD-4B41-A164-02AA62A0BCED}.Release|x86.ActiveCfg = Release|Win32
		{274E2062-AEAD-4B41-A164-02AA62A0BCED}.Release|x86.Build.0 = Release|Win32
		{8DACD7F2-D595-4C76-B8D4-3085147628B1}.Debug|x64.ActiveCfg = Debug|x64
		{8DACD7F2-D595-4C76-B8D4-3085147628B1}.Debug|x64.Build.0 = Debug|x64
		{8DACD7F2-D595-4C76-B8D4-3085147628B1}.Debug|x86.ActiveCfg = Debug|Win32
		{8DACD7F2-D595-4C76-B8D4-3085147628B1}.Debug|x86.Build.0 = Debug|Win32
		{8DACD7F2-D595-4C76-B8D4-3085147628B1}.Release|x64.ActiveCfg = Release|x64
		{8DACD7F2-D595-4C76-B8D4-3085147628B1}.Release|x64.Build.0 = Release|x64
		{8DACD7F2-D595-4C76-B8D4-3085147628B1}.Release|x86.ActiveCfg = Release|Win32
		{8DACD7F2-D595-4C76-B8D4-3085147628B1}.Release|x86.Build.0 = Release|Win32
		{4231CD9C-F271-4FE2-AE74-94DF8F41AD9C}.Debug|x64.ActiveCfg = Debug|x64
		{4231CD9C-F271-4FE2-AE74-94DF8F41AD9C}.Debug|x64.Build.0 = Debug|x64
		{4231CD9C-F271-4FE2-AE74-94DF8F41AD9C}.Debug|x86.ActiveCfg = Debug|Win32
		{4231CD9C-F271-4FE2-AE74-94DF8F41AD9C}.Debug|x86.Build.0 = Debug|Win32
		{4231CD9C-F271-4FE2-AE74-94DF8F41AD9C}.Release|x64.ActiveCfg = Release|x64
		{4231CD9C-F271-4FE2-AE74-94DF8F41AD9C}.Release|x64.Build.0 = Release|x64
		{4231CD9C-F271-4FE2-AE74-94DF8F41AD9C}.Release|x86.ActiveCfg = Release|Win32
		{4231CD9C-F271-4FE2-AE74-94DF8F41AD9C}.Release|x86.Build.0 = Release|Win32
		{BCB71255-8737-4272-AACD-5E57B7DB2755}.Debug|x64.ActiveCfg = Debug|x64
		{BCB71255-8737-4272-AACD-5E57B7DB2755}.Debug|x64.Build.0 = Debug|x64
		{BCB71255-8737-4272-AACD-5E57B7DB2755}.Debug|x86.ActiveCfg = Debug|Win32
		{BCB71255-8737-4272-AACD-5E57B7DB2755}.Debug|x86.Build.0 = Debug|Win32
		{BCB71255-8737-4272-AACD-5E57B7DB2755}.Release|x64.ActiveCfg = Release|x64
		{BCB71255-8737-4272-AACD-5E57B7DB2755}.Release|x64.Build.0 = Release|x64
		{BCB71255-8737-4272-AACD-5E57B7DB2755}.Release|x86.ActiveCfg = Release|Win32
		{BCB71255-8737-4272-AACD-5E57B7DB2755}.Release|x86.Build.0 = Release|Win32
	EndGlobalSection
	GlobalSection(SolutionProperties) = preSolution
		HideSolutionNode = FALSE
	EndGlobalSection
EndGlobal
